
Microsoft Visual Studio Solution File, Format Version 12.00
# Visual Studio 14
VisualStudioVersion = 14.0.25420.1
MinimumVisualStudioVersion = 10.0.40219.1
Project("{FAE04EC0-301F-11D3-BF4B-00C04F79EFBC}") = "QuickWaveBank", "QuickWaveBank\QuickWaveBank.csproj", "{B550B2E1-A47D-454C-96D9-F85A8980D8FF}"
EndProject
Project("{FAE04EC0-301F-11D3-BF4B-00C04F79EFBC}") = "BuildConsole", "BuildConsole\BuildConsole.csproj", "{77DC12FA-D6FA-4A42-912E-0D8E7E4AA83F}"
EndProject
Global
	GlobalSection(SolutionConfigurationPlatforms) = preSolution
		Debug|Any CPU = Debug|Any CPU
		Release|Any CPU = Release|Any CPU
	EndGlobalSection
	GlobalSection(ProjectConfigurationPlatforms) = postSolution
		{B550B2E1-A47D-454C-96D9-F85A8980D8FF}.Debug|Any CPU.ActiveCfg = Debug|Any CPU
		{B550B2E1-A47D-454C-96D9-F85A8980D8FF}.Debug|Any CPU.Build.0 = Debug|Any CPU
		{B550B2E1-A47D-454C-96D9-F85A8980D8FF}.Release|Any CPU.ActiveCfg = Release|Any CPU
		{B550B2E1-A47D-454C-96D9-F85A8980D8FF}.Release|Any CPU.Build.0 = Release|Any CPU
		{77DC12FA-D6FA-4A42-912E-0D8E7E4AA83F}.Debug|Any CPU.ActiveCfg = Release|Any CPU
		{77DC12FA-D6FA-4A42-912E-0D8E7E4AA83F}.Debug|Any CPU.Build.0 = Release|Any CPU
		{77DC12FA-D6FA-4A42-912E-0D8E7E4AA83F}.Release|Any CPU.ActiveCfg = Release|Any CPU
		{77DC12FA-D6FA-4A42-912E-0D8E7E4AA83F}.Release|Any CPU.Build.0 = Release|Any CPU
	EndGlobalSection
	GlobalSection(SolutionProperties) = preSolution
		HideSolutionNode = FALSE
	EndGlobalSection
EndGlobal
